{
  "version": 4,
  "terraform_version": "1.14.7",
  "serial": 5,
  "lineage": "ced73753-56ba-7271-db64-bdef9142f99b",
  "outputs": {
    "bq_dataset_marts": {
      "value": "marts",
      "type": "string"
    },
    "bq_dataset_raw": {
      "value": "raw",
      "type": "string"
    },
    "bq_dataset_staging": {
      "value": "staging",
      "type": "string"
    },
    "gcs_bucket_name": {
      "value": "adelaide-metro-505702-raw",
      "type": "string"
    },
    "service_account_email": {
      "value": "bruin-pipeline@adelaide-metro-505702.iam.gserviceaccount.com",
      "type": "string"
    }
  },
  "resources": [
    {
      "mode": "managed",
      "type": "google_bigquery_dataset",
      "name": "marts",
      "provider": "provider[\"registry.opentofu.org/hashicorp/google\"]",
      "instances": [
        {
          "schema_version": 0,
          "attributes": {
            "access": [
              {
                "dataset": [],
                "domain": "",
                "group_by_email": "",
                "iam_member": "",
                "role": "OWNER",
                "routine": [],
                "special_group": "",
                "user_by_email": "haisonvta@gmail.com",
                "view": []
              },
              {
                "dataset": [],
                "domain": "",
                "group_by_email": "",
                "iam_member": "",
                "role": "OWNER",
                "routine": [],
                "special_group": "projectOwners",
                "user_by_email": "",
                "view": []
              },
              {
                "dataset": [],
                "domain": "",
                "group_by_email": "",
                "iam_member": "",
                "role": "READER",
                "routine": [],
                "special_group": "projectReaders",
                "user_by_email": "",
                "view": []
              },
              {
                "dataset": [],
                "domain": "",
                "group_by_email": "",
                "iam_member": "",
                "role": "WRITER",
                "routine": [],
                "special_group": "projectWriters",
                "user_by_email": "",
                "view": []
              }
            ],
            "creation_time": 1786864191062,
            "dataset_id": "marts",
            "default_collation": "",
            "default_encryption_configuration": [],
            "default_partition_expiration_ms": 0,
            "default_table_expiration_ms": 0,
            "delete_contents_on_destroy": true,
            "description": "",
            "effective_labels": {},
            "etag": "/VPePrRPfDToQVa537qjoQ==",
            "external_dataset_reference": [],
            "friendly_name": "",
            "id": "projects/adelaide-metro-505702/datasets/marts",
            "is_case_insensitive": false,
            "labels": null,
            "last_modified_time": 1786864191062,
            "location": "US",
            "max_time_travel_hours": "168",
            "project": "adelaide-metro-505702",
            "resource_tags": null,
            "self_link": "https://bigquery.googleapis.com/bigquery/v2/projects/adelaide-metro-505702/datasets/marts",
            "storage_billing_model": "",
            "terraform_labels": {},
            "timeouts": null
          },
          "sensitive_attributes": [],
          "identity_schema_version": 0,
          "private": "eyJlMmJmYjczMC1lY2FhLTExZTYtOGY4OC0zNDM2M2JjN2M0YzAiOnsiY3JlYXRlIjoxMjAwMDAwMDAwMDAwLCJkZWxldGUiOjEyMDAwMDAwMDAwMDAsInVwZGF0ZSI6MTIwMDAwMDAwMDAwMH19"
        }
      ]
    },
    {
      "mode": "managed",
      "type": "google_bigquery_dataset",
      "name": "raw",
      "provider": "provider[\"registry.opentofu.org/hashicorp/google\"]",
      "instances": [
        {
          "schema_version": 0,
          "attributes": {
            "access": [
              {
                "dataset": [],
                "domain": "",
                "group_by_email": "",
                "iam_member": "",
                "role": "OWNER",
                "routine": [],
                "special_group": "",
                "user_by_email": "haisonvta@gmail.com",
                "view": []
              },
              {
                "dataset": [],
                "domain": "",
                "group_by_email": "",
                "iam_member": "",
                "role": "OWNER",
                "routine": [],
                "special_group": "projectOwners",
                "user_by_email": "",
                "view": []
              },
              {
                "dataset": [],
                "domain": "",
                "group_by_email": "",
                "iam_member": "",
                "role": "READER",
                "routine": [],
                "special_group": "projectReaders",
                "user_by_email": "",
                "view": []
              },
              {
                "dataset": [],
                "domain": "",
                "group_by_email": "",
                "iam_member": "",
                "role": "WRITER",
                "routine": [],
                "special_group": "projectWriters",
                "user_by_email": "",
                "view": []
              }
            ],
            "creation_time": 1786864191042,
            "dataset_id": "raw",
            "default_collation": "",
            "default_encryption_configuration": [],
            "default_partition_expiration_ms": 0,
            "default_table_expiration_ms": 0,
            "delete_contents_on_destroy": true,
            "description": "",
            "effective_labels": {},
            "etag": "PyeiGG4/d9gqo7FybUVegA==",
            "external_dataset_reference": [],
            "friendly_name": "",
            "id": "projects/adelaide-metro-505702/datasets/raw",
            "is_case_insensitive": false,
            "labels": null,
            "last_modified_time": 1786864191042,
            "location": "US",
            "max_time_travel_hours": "168",
            "project": "adelaide-metro-505702",
            "resource_tags": null,
            "self_link": "https://bigquery.googleapis.com/bigquery/v2/projects/adelaide-metro-505702/datasets/raw",
            "storage_billing_model": "",
            "terraform_labels": {},
            "timeouts": null
          },
          "sensitive_attributes": [],
          "identity_schema_version": 0,
          "private": "eyJlMmJmYjczMC1lY2FhLTExZTYtOGY4OC0zNDM2M2JjN2M0YzAiOnsiY3JlYXRlIjoxMjAwMDAwMDAwMDAwLCJkZWxldGUiOjEyMDAwMDAwMDAwMDAsInVwZGF0ZSI6MTIwMDAwMDAwMDAwMH19"
        }
      ]
    },
    {
      "mode": "managed",
      "type": "google_bigquery_dataset",
      "name": "staging",
      "provider": "provider[\"registry.opentofu.org/hashicorp/google\"]",
      "instances": [
        {
          "schema_version": 0,
          "attributes": {
            "access": [
              {
                "dataset": [],
                "domain": "",
                "group_by_email": "",
                "iam_member": "",
                "role": "OWNER",
                "routine": [],
                "special_group": "",
                "user_by_email": "haisonvta@gmail.com",
                "view": []
              },
              {
                "dataset": [],
                "domain": "",
                "group_by_email": "",
                "iam_member": "",
                "role": "OWNER",
                "routine": [],
                "special_group": "projectOwners",
                "user_by_email": "",
                "view": []
              },
              {
                "dataset": [],
                "domain": "",
                "group_by_email": "",
                "iam_member": "",
                "role": "READER",
                "routine": [],
                "special_group": "projectReaders",
                "user_by_email": "",
                "view": []
              },
              {
                "dataset": [],
                "domain": "",
                "group_by_email": "",
                "iam_member": "",
                "role": "WRITER",
                "routine": [],
                "special_group": "projectWriters",
                "user_by_email": "",
                "view": []
              }
            ],
            "creation_time": 1786864191043,
            "dataset_id": "staging",
            "default_collation": "",
            "default_encryption_configuration": [],
            "default_partition_expiration_ms": 0,
            "default_table_expiration_ms": 0,
            "delete_contents_on_destroy": true,
            "description": "",
            "effective_labels": {},
            "etag": "RzPP7I7HaYw0zxb4UxSKgQ==",
            "external_dataset_reference": [],
            "friendly_name": "",
            "id": "projects/adelaide-metro-505702/datasets/staging",
            "is_case_insensitive": false,
            "labels": null,
            "last_modified_time": 1786864191043,
            "location": "US",
            "max_time_travel_hours": "168",
            "project": "adelaide-metro-505702",
            "resource_tags": null,
            "self_link": "https://bigquery.googleapis.com/bigquery/v2/projects/adelaide-metro-505702/datasets/staging",
            "storage_billing_model": "",
            "terraform_labels": {},
            "timeouts": null
          },
          "sensitive_attributes": [],
          "identity_schema_version": 0,
          "private": "eyJlMmJmYjczMC1lY2FhLTExZTYtOGY4OC0zNDM2M2JjN2M0YzAiOnsiY3JlYXRlIjoxMjAwMDAwMDAwMDAwLCJkZWxldGUiOjEyMDAwMDAwMDAwMDAsInVwZGF0ZSI6MTIwMDAwMDAwMDAwMH19"
        }
      ]
    },
    {
      "mode": "managed",
      "type": "google_bigquery_dataset",
      "name": "streaming",
      "provider": "provider[\"registry.opentofu.org/hashicorp/google\"]",
      "instances": [
        {
          "schema_version": 0,
          "attributes": {
            "access": [
              {
                "dataset": [],
                "domain": "",
                "group_by_email": "",
                "iam_member": "",
                "role": "OWNER",
                "routine": [],
                "special_group": "",
                "user_by_email": "haisonvta@gmail.com",
                "view": []
              },
              {
                "dataset": [],
                "domain": "",
                "group_by_email": "",
                "iam_member": "",
                "role": "OWNER",
                "routine": [],
                "special_group": "projectOwners",
                "user_by_email": "",
                "view": []
              },
              {
                "dataset": [],
                "domain": "",
                "group_by_email": "",
                "iam_member": "",
                "role": "READER",
                "routine": [],
                "special_group": "projectReaders",
                "user_by_email": "",
                "view": []
              },
              {
                "dataset": [],
                "domain": "",
                "group_by_email": "",
                "iam_member": "",
                "role": "WRITER",
                "routine": [],
                "special_group": "projectWriters",
                "user_by_email": "",
                "view": []
              }
            ],
            "creation_time": 1786864191039,
            "dataset_id": "streaming",
            "default_collation": "",
            "default_encryption_configuration": [],
            "default_partition_expiration_ms": 0,
            "default_table_expiration_ms": 0,
            "delete_contents_on_destroy": true,
            "description": "",
            "effective_labels": {},
            "etag": "lk85wF0pGedZJuK+oXpQeg==",
            "external_dataset_reference": [],
            "friendly_name": "",
            "id": "projects/adelaide-metro-505702/datasets/streaming",
            "is_case_insensitive": false,
            "labels": null,
            "last_modified_time": 1786864191039,
            "location": "US",
            "max_time_travel_hours": "168",
            "project": "adelaide-metro-505702",
            "resource_tags": null,
            "self_link": "https://bigquery.googleapis.com/bigquery/v2/projects/adelaide-metro-505702/datasets/streaming",
            "storage_billing_model": "",
            "terraform_labels": {},
            "timeouts": null
          },
          "sensitive_attributes": [],
          "identity_schema_version": 0,
          "private": "eyJlMmJmYjczMC1lY2FhLTExZTYtOGY4OC0zNDM2M2JjN2M0YzAiOnsiY3JlYXRlIjoxMjAwMDAwMDAwMDAwLCJkZWxldGUiOjEyMDAwMDAwMDAwMDAsInVwZGF0ZSI6MTIwMDAwMDAwMDAwMH19"
        }
      ]
    },
    {
      "mode": "managed",
      "type": "google_project_iam_member",
      "name": "bruin_artifact_registry",
      "provider": "provider[\"registry.opentofu.org/hashicorp/google\"]",
      "instances": [
        {
          "schema_version": 0,
          "attributes": {
            "condition": [],
            "etag": "BwZZJL7B2X4=",
            "id": "adelaide-metro-505702/roles/artifactregistry.writer/serviceAccount:bruin-pipeline@adelaide-metro-505702.iam.gserviceaccount.com",
            "member": "serviceAccount:bruin-pipeline@adelaide-metro-505702.iam.gserviceaccount.com",
            "project": "adelaide-metro-505702",
            "role": "roles/artifactregistry.writer"
          },
          "sensitive_attributes": [],
          "identity_schema_version": 0,
          "private": "bnVsbA==",
          "dependencies": [
            "google_service_account.bruin"
          ]
        }
      ]
    },
    {
      "mode": "managed",
      "type": "google_project_iam_member",
      "name": "bruin_bq",
      "provider": "provider[\"registry.opentofu.org/hashicorp/google\"]",
      "instances": [
        {
          "schema_version": 0,
          "attributes": {
            "condition": [],
            "etag": "BwZZJL7B2X4=",
            "id": "adelaide-metro-505702/roles/bigquery.dataEditor/serviceAccount:bruin-pipeline@adelaide-metro-505702.iam.gserviceaccount.com",
            "member": "serviceAccount:bruin-pipeline@adelaide-metro-505702.iam.gserviceaccount.com",
            "project": "adelaide-metro-505702",
            "role": "roles/bigquery.dataEditor"
          },
          "sensitive_attributes": [],
          "identity_schema_version": 0,
          "private": "bnVsbA==",
          "dependencies": [
            "google_service_account.bruin"
          ]
        }
      ]
    },
    {
      "mode": "managed",
      "type": "google_project_iam_member",
      "name": "bruin_bq_job",
      "provider": "provider[\"registry.opentofu.org/hashicorp/google\"]",
      "instances": [
        {
          "schema_version": 0,
          "attributes": {
            "condition": [],
            "etag": "BwZZJL7B2X4=",
            "id": "adelaide-metro-505702/roles/bigquery.jobUser/serviceAccount:bruin-pipeline@adelaide-metro-505702.iam.gserviceaccount.com",
            "member": "serviceAccount:bruin-pipeline@adelaide-metro-505702.iam.gserviceaccount.com",
            "project": "adelaide-metro-505702",
            "role": "roles/bigquery.jobUser"
          },
          "sensitive_attributes": [],
          "identity_schema_version": 0,
          "private": "bnVsbA==",
          "dependencies": [
            "google_service_account.bruin"
          ]
        }
      ]
    },
    {
      "mode": "managed",
      "type": "google_project_iam_member",
      "name": "bruin_bq_read_session",
      "provider": "provider[\"registry.opentofu.org/hashicorp/google\"]",
      "instances": [
        {
          "schema_version": 0,
          "attributes": {
            "condition": [],
            "etag": "BwZZJL7B2X4=",
            "id": "adelaide-metro-505702/roles/bigquery.readSessionUser/serviceAccount:bruin-pipeline@adelaide-metro-505702.iam.gserviceaccount.com",
            "member": "serviceAccount:bruin-pipeline@adelaide-metro-505702.iam.gserviceaccount.com",
            "project": "adelaide-metro-505702",
            "role": "roles/bigquery.readSessionUser"
          },
          "sensitive_attributes": [],
          "identity_schema_version": 0,
          "private": "bnVsbA==",
          "dependencies": [
            "google_service_account.bruin"
          ]
        }
      ]
    },
    {
      "mode": "managed",
      "type": "google_project_iam_member",
      "name": "bruin_gcs",
      "provider": "provider[\"registry.opentofu.org/hashicorp/google\"]",
      "instances": [
        {
          "schema_version": 0,
          "attributes": {
            "condition": [],
            "etag": "BwZZJL7B2X4=",
            "id": "adelaide-metro-505702/roles/storage.objectAdmin/serviceAccount:bruin-pipeline@adelaide-metro-505702.iam.gserviceaccount.com",
            "member": "serviceAccount:bruin-pipeline@adelaide-metro-505702.iam.gserviceaccount.com",
            "project": "adelaide-metro-505702",
            "role": "roles/storage.objectAdmin"
          },
          "sensitive_attributes": [],
          "identity_schema_version": 0,
          "private": "bnVsbA==",
          "dependencies": [
            "google_service_account.bruin"
          ]
        }
      ]
    },
    {
      "mode": "managed",
      "type": "google_project_iam_member",
      "name": "bruin_run_admin",
      "provider": "provider[\"registry.opentofu.org/hashicorp/google\"]",
      "instances": [
        {
          "schema_version": 0,
          "attributes": {
            "condition": [],
            "etag": "BwZZJL7B2X4=",
            "id": "adelaide-metro-505702/roles/run.admin/serviceAccount:bruin-pipeline@adelaide-metro-505702.iam.gserviceaccount.com",
            "member": "serviceAccount:bruin-pipeline@adelaide-metro-505702.iam.gserviceaccount.com",
            "project": "adelaide-metro-505702",
            "role": "roles/run.admin"
          },
          "sensitive_attributes": [],
          "identity_schema_version": 0,
          "private": "bnVsbA==",
          "dependencies": [
            "google_service_account.bruin"
          ]
        }
      ]
    },
    {
      "mode": "managed",
      "type": "google_project_iam_member",
      "name": "bruin_run_invoker",
      "provider": "provider[\"registry.opentofu.org/hashicorp/google\"]",
      "instances": [
        {
          "schema_version": 0,
          "attributes": {
            "condition": [],
            "etag": "BwZZJL7B2X4=",
            "id": "adelaide-metro-505702/roles/run.invoker/serviceAccount:bruin-pipeline@adelaide-metro-505702.iam.gserviceaccount.com",
            "member": "serviceAccount:bruin-pipeline@adelaide-metro-505702.iam.gserviceaccount.com",
            "project": "adelaide-metro-505702",
            "role": "roles/run.invoker"
          },
          "sensitive_attributes": [],
          "identity_schema_version": 0,
          "private": "bnVsbA==",
          "dependencies": [
            "google_service_account.bruin"
          ]
        }
      ]
    },
    {
      "mode": "managed",
      "type": "google_project_iam_member",
      "name": "streamlit_bq_job",
      "provider": "provider[\"registry.opentofu.org/hashicorp/google\"]",
      "instances": [
        {
          "schema_version": 0,
          "attributes": {
            "condition": [],
            "etag": "BwZZJL7B2X4=",
            "id": "adelaide-metro-505702/roles/bigquery.jobUser/serviceAccount:streamlit-dashboard@adelaide-metro-505702.iam.gserviceaccount.com",
            "member": "serviceAccount:streamlit-dashboard@adelaide-metro-505702.iam.gserviceaccount.com",
            "project": "adelaide-metro-505702",
            "role": "roles/bigquery.jobUser"
          },
          "sensitive_attributes": [],
          "identity_schema_version": 0,
          "private": "bnVsbA==",
          "dependencies": [
            "google_service_account.streamlit"
          ]
        }
      ]
    },
    {
      "mode": "managed",
      "type": "google_project_iam_member",
      "name": "streamlit_bq_viewer",
      "provider": "provider[\"registry.opentofu.org/hashicorp/google\"]",
      "instances": [
        {
          "schema_version": 0,
          "attributes": {
            "condition": [],
            "etag": "BwZZJL7B2X4=",
            "id": "adelaide-metro-505702/roles/bigquery.dataViewer/serviceAccount:streamlit-dashboard@adelaide-metro-505702.iam.gserviceaccount.com",
            "member": "serviceAccount:streamlit-dashboard@adelaide-metro-505702.iam.gserviceaccount.com",
            "project": "adelaide-metro-505702",
            "role": "roles/bigquery.dataViewer"
          },
          "sensitive_attributes": [],
          "identity_schema_version": 0,
          "private": "bnVsbA==",
          "dependencies": [
            "google_service_account.streamlit"
          ]
        }
      ]
    },
    {
      "mode": "managed",
      "type": "google_service_account",
      "name": "bruin",
      "provider": "provider[\"registry.opentofu.org/hashicorp/google\"]",
      "instances": [
        {
          "schema_version": 0,
          "attributes": {
            "account_id": "bruin-pipeline",
            "create_ignore_already_exists": null,
            "description": "",
            "disabled": false,
            "display_name": "Bruin Pipeline Service Account",
            "email": "bruin-pipeline@adelaide-metro-505702.iam.gserviceaccount.com",
            "id": "projects/adelaide-metro-505702/serviceAccounts/bruin-pipeline@adelaide-metro-505702.iam.gserviceaccount.com",
            "member": "serviceAccount:bruin-pipeline@adelaide-metro-505702.iam.gserviceaccount.com",
            "name": "projects/adelaide-metro-505702/serviceAccounts/bruin-pipeline@adelaide-metro-505702.iam.gserviceaccount.com",
            "project": "adelaide-metro-505702",
            "timeouts": null,
            "unique_id": "107141483433587160353"
          },
          "sensitive_attributes": [],
          "identity_schema_version": 0,
          "private": "eyJlMmJmYjczMC1lY2FhLTExZTYtOGY4OC0zNDM2M2JjN2M0YzAiOnsiY3JlYXRlIjozMDAwMDAwMDAwMDB9fQ=="
        }
      ]
    },
    {
      "mode": "managed",
      "type": "google_service_account",
      "name": "streamlit",
      "provider": "provider[\"registry.opentofu.org/hashicorp/google\"]",
      "instances": [
        {
          "schema_version": 0,
          "attributes": {
            "account_id": "streamlit-dashboard",
            "create_ignore_already_exists": null,
            "description": "",
            "disabled": false,
            "display_name": "Streamlit Dashboard Service Account",
            "email": "streamlit-dashboard@adelaide-metro-505702.iam.gserviceaccount.com",
            "id": "projects/adelaide-metro-505702/serviceAccounts/streamlit-dashboard@adelaide-metro-505702.iam.gserviceaccount.com",
            "member": "serviceAccount:streamlit-dashboard@adelaide-metro-505702.iam.gserviceaccount.com",
            "name": "projects/adelaide-metro-505702/serviceAccounts/streamlit-dashboard@adelaide-metro-505702.iam.gserviceaccount.com",
            "project": "adelaide-metro-505702",
            "timeouts": null,
            "unique_id": "103071102781467639873"
          },
          "sensitive_attributes": [],
          "identity_schema_version": 0,
          "private": "eyJlMmJmYjczMC1lY2FhLTExZTYtOGY4OC0zNDM2M2JjN2M0YzAiOnsiY3JlYXRlIjozMDAwMDAwMDAwMDB9fQ=="
        }
      ]
    },
    {
      "mode": "managed",
      "type": "google_service_account_iam_member",
      "name": "bruin_act_as",
      "provider": "provider[\"registry.opentofu.org/hashicorp/google\"]",
      "instances": [
        {
          "schema_version": 0,
          "attributes": {
            "condition": [],
            "etag": "BwZZJL51J9M=",
            "id": "projects/adelaide-metro-505702/serviceAccounts/bruin-pipeline@adelaide-metro-505702.iam.gserviceaccount.com/roles/iam.serviceAccountUser/serviceAccount:bruin-pipeline@adelaide-metro-505702.iam.gserviceaccount.com",
            "member": "serviceAccount:bruin-pipeline@adelaide-metro-505702.iam.gserviceaccount.com",
            "role": "roles/iam.serviceAccountUser",
            "service_account_id": "projects/adelaide-metro-505702/serviceAccounts/bruin-pipeline@adelaide-metro-505702.iam.gserviceaccount.com"
          },
          "sensitive_attributes": [],
          "identity_schema_version": 0,
          "private": "bnVsbA==",
          "dependencies": [
            "google_service_account.bruin"
          ]
        }
      ]
    },
    {
      "mode": "managed",
      "type": "google_storage_bucket",
      "name": "raw",
      "provider": "provider[\"registry.opentofu.org/hashicorp/google\"]",
      "instances": [
        {
          "schema_version": 2,
          "attributes": {
            "autoclass": [],
            "cors": [],
            "custom_placement_config": [],
            "default_event_based_hold": false,
            "effective_labels": {},
            "enable_object_retention": false,
            "encryption": [],
            "force_destroy": false,
            "id": "adelaide-metro-505702-raw",
            "labels": null,
            "lifecycle_rule": [],
            "location": "ASIA-EAST2",
            "logging": [],
            "name": "adelaide-metro-505702-raw",
            "project": "adelaide-metro-505702",
            "project_number": 162176027068,
            "public_access_prevention": "inherited",
            "requester_pays": false,
            "retention_policy": [],
            "rpo": null,
            "self_link": "https://www.googleapis.com/storage/v1/b/adelaide-metro-505702-raw",
            "soft_delete_policy": [
              {
                "effective_time": "2026-08-16T07:09:51.840Z",
                "retention_duration_seconds": 604800
              }
            ],
            "storage_class": "STANDARD",
            "terraform_labels": {},
            "timeouts": null,
            "uniform_bucket_level_access": true,
            "url": "gs://adelaide-metro-505702-raw",
            "versioning": [],
            "website": []
          },
          "sensitive_attributes": [],
          "identity_schema_version": 0,
          "private": "eyJlMmJmYjczMC1lY2FhLTExZTYtOGY4OC0zNDM2M2JjN2M0YzAiOnsiY3JlYXRlIjo2MDAwMDAwMDAwMDAsInJlYWQiOjI0MDAwMDAwMDAwMCwidXBkYXRlIjoyNDAwMDAwMDAwMDB9LCJzY2hlbWFfdmVyc2lvbiI6IjIifQ=="
        }
      ]
    }
  ],
  "check_results": null
}
